
Microsoft Visual Studio Solution File, Format Version 12.00
# Visual Studio 14
VisualStudioVersion = 14.0.25420.1
MinimumVisualStudioVersion = 10.0.40219.1
Project("{FAE04EC0-301F-11D3-BF4B-00C04F79EFBC}") = "CSharpInheritance I", "CSharpInheritance I\CSharpInheritance I.csproj", "{1F1ADFCB-E179-42A8-8604-D0DD1A8576D5}"
EndProject
Project("{FAE04EC0-301F-11D3-BF4B-00C04F79EFBC}") = "CSharpInheritance II", "CSharpInheritance II\CSharpInheritance II.csproj", "{781F0F0B-E277-428C-A69D-41DEFE1E1E38}"
EndProject
Project("{FAE04EC0-301F-11D3-BF4B-00C04F79EFBC}") = "AbstractClass", "AbstractClass\AbstractClass.csproj", "{579DCAEF-F666-469B-8AA0-4FC4D6324D3F}"
EndProject
Global
	GlobalSection(SolutionConfigurationPlatforms) = preSolution
		Debug|Any CPU = Debug|Any CPU
		Release|Any CPU = Release|Any CPU
	EndGlobalSection
	GlobalSection(ProjectConfigurationPlatforms) = postSolution
		{1F1ADFCB-E179-42A8-8604-D0DD1A8576D5}.Debug|Any CPU.ActiveCfg = Debug|Any CPU
		{1F1ADFCB-E179-42A8-8604-D0DD1A8576D5}.Debug|Any CPU.Build.0 = Debug|Any CPU
		{1F1ADFCB-E179-42A8-8604-D0DD1A8576D5}.Release|Any CPU.ActiveCfg = Release|Any CPU
		{1F1ADFCB-E179-42A8-8604-D0DD1A8576D5}.Release|Any CPU.Build.0 = Release|Any CPU
		{781F0F0B-E277-428C-A69D-41DEFE1E1E38}.Debug|Any CPU.ActiveCfg = Debug|Any CPU
		{781F0F0B-E277-428C-A69D-41DEFE1E1E38}.Debug|Any CPU.Build.0 = Debug|Any CPU
		{781F0F0B-E277-428C-A69D-41DEFE1E1E38}.Release|Any CPU.ActiveCfg = Release|Any CPU
		{781F0F0B-E277-428C-A69D-41DEFE1E1E38}.Release|Any CPU.Build.0 = Release|Any CPU
		{579DCAEF-F666-469B-8AA0-4FC4D6324D3F}.Debug|Any CPU.ActiveCfg = Debug|Any CPU
		{579DCAEF-F666-469B-8AA0-4FC4D6324D3F}.Debug|Any CPU.Build.0 = Debug|Any CPU
		{579DCAEF-F666-469B-8AA0-4FC4D6324D3F}.Release|Any CPU.ActiveCfg = Release|Any CPU
		{579DCAEF-F666-469B-8AA0-4FC4D6324D3F}.Release|Any CPU.Build.0 = Release|Any CPU
	EndGlobalSection
	GlobalSection(SolutionProperties) = preSolution
		HideSolutionNode = FALSE
	EndGlobalSection
EndGlobal
